
Microsoft Visual Studio Solution File, Format Version 12.00
# Visual Studio Version 17
VisualStudioVersion = 17.8.34525.116
MinimumVisualStudioVersion = 10.0.40219.1
Project("{9A19103F-16F7-4668-BE54-9A1E7A4F7556}") = "01_ResilienceNoStrategy", "01_ResilienceNoStrategy\01_ResilienceNoStrategy.csproj", "{7C296A35-53B5-433D-B275-062799010E02}"
EndProject
Project("{9A19103F-16F7-4668-BE54-9A1E7A4F7556}") = "02_InitChaos", "02_InitChaos\02_InitChaos.csproj", "{34E9D849-F44D-4718-BC1E-83D5E8183B1A}"
EndProject
Project("{9A19103F-16F7-4668-BE54-9A1E7A4F7556}") = "00_Common", "00_Common\00_Common.csproj", "{54C46DE7-40D1-4F18-9634-151D1EDA851B}"
EndProject
Project("{9A19103F-16F7-4668-BE54-9A1E7A4F7556}") = "03_ResilienceFixChaos", "03_ResilienceFixChaos\03_ResilienceFixChaos.csproj", "{8BCD11C2-2923-4D28-87CD-CD1E5DA6B975}"
EndProject
Project("{9A19103F-16F7-4668-BE54-9A1E7A4F7556}") = "04_ResilienceWithConfig", "04_ResilienceWithConfig\04_ResilienceWithConfig.csproj", "{37B5C157-6A19-48B9-A4E6-C0007BF2B8D8}"
EndProject
Project("{9A19103F-16F7-4668-BE54-9A1E7A4F7556}") = "05_CustomResilienceWithMetrics", "05_CustomResilienceWithMetrics\05_CustomResilienceWithMetrics.csproj", "{E74D7B7B-8BB2-4FDC-8BFB-D27CF24E3D92}"
EndProject
Project("{9A19103F-16F7-4668-BE54-9A1E7A4F7556}") = "06_ResilienceRefit", "06_ResilienceRefit\06_ResilienceRefit.csproj", "{F2D3A9A8-2A9D-4969-9758-D80554E43BF4}"
EndProject
Global
	GlobalSection(SolutionConfigurationPlatforms) = preSolution
		Debug|Any CPU = Debug|Any CPU
		Release|Any CPU = Release|Any CPU
	EndGlobalSection
	GlobalSection(ProjectConfigurationPlatforms) = postSolution
		{7C296A35-53B5-433D-B275-062799010E02}.Debug|Any CPU.ActiveCfg = Debug|Any CPU
		{7C296A35-53B5-433D-B275-062799010E02}.Debug|Any CPU.Build.0 = Debug|Any CPU
		{7C296A35-53B5-433D-B275-062799010E02}.Release|Any CPU.ActiveCfg = Release|Any CPU
		{7C296A35-53B5-433D-B275-062799010E02}.Release|Any CPU.Build.0 = Release|Any CPU
		{34E9D849-F44D-4718-BC1E-83D5E8183B1A}.Debug|Any CPU.ActiveCfg = Debug|Any CPU
		{34E9D849-F44D-4718-BC1E-83D5E8183B1A}.Debug|Any CPU.Build.0 = Debug|Any CPU
		{34E9D849-F44D-4718-BC1E-83D5E8183B1A}.Release|Any CPU.ActiveCfg = Release|Any CPU
		{34E9D849-F44D-4718-BC1E-83D5E8183B1A}.Release|Any CPU.Build.0 = Release|Any CPU
		{54C46DE7-40D1-4F18-9634-151D1EDA851B}.Debug|Any CPU.ActiveCfg = Debug|Any CPU
		{54C46DE7-40D1-4F18-9634-151D1EDA851B}.Debug|Any CPU.Build.0 = Debug|Any CPU
		{54C46DE7-40D1-4F18-9634-151D1EDA851B}.Release|Any CPU.ActiveCfg = Release|Any CPU
		{54C46DE7-40D1-4F18-9634-151D1EDA851B}.Release|Any CPU.Build.0 = Release|Any CPU
		{8BCD11C2-2923-4D28-87CD-CD1E5DA6B975}.Debug|Any CPU.ActiveCfg = Debug|Any CPU
		{8BCD11C2-2923-4D28-87CD-CD1E5DA6B975}.Debug|Any CPU.Build.0 = Debug|Any CPU
		{8BCD11C2-2923-4D28-87CD-CD1E5DA6B975}.Release|Any CPU.ActiveCfg = Release|Any CPU
		{8BCD11C2-2923-4D28-87CD-CD1E5DA6B975}.Release|Any CPU.Build.0 = Release|Any CPU
		{37B5C157-6A19-48B9-A4E6-C0007BF2B8D8}.Debug|Any CPU.ActiveCfg = Debug|Any CPU
		{37B5C157-6A19-48B9-A4E6-C0007BF2B8D8}.Debug|Any CPU.Build.0 = Debug|Any CPU
		{37B5C157-6A19-48B9-A4E6-C0007BF2B8D8}.Release|Any CPU.ActiveCfg = Release|Any CPU
		{37B5C157-6A19-48B9-A4E6-C0007BF2B8D8}.Release|Any CPU.Build.0 = Release|Any CPU
		{E74D7B7B-8BB2-4FDC-8BFB-D27CF24E3D92}.Debug|Any CPU.ActiveCfg = Debug|Any CPU
		{E74D7B7B-8BB2-4FDC-8BFB-D27CF24E3D92}.Debug|Any CPU.Build.0 = Debug|Any CPU
		{E74D7B7B-8BB2-4FDC-8BFB-D27CF24E3D92}.Release|Any CPU.ActiveCfg = Release|Any CPU
		{E74D7B7B-8BB2-4FDC-8BFB-D27CF24E3D92}.Release|Any CPU.Build.0 = Release|Any CPU
		{F2D3A9A8-2A9D-4969-9758-D80554E43BF4}.Debug|Any CPU.ActiveCfg = Debug|Any CPU
		{F2D3A9A8-2A9D-4969-9758-D80554E43BF4}.Debug|Any CPU.Build.0 = Debug|Any CPU
		{F2D3A9A8-2A9D-4969-9758-D80554E43BF4}.Release|Any CPU.ActiveCfg = Release|Any CPU
		{F2D3A9A8-2A9D-4969-9758-D80554E43BF4}.Release|Any CPU.Build.0 = Release|Any CPU
	EndGlobalSection
	GlobalSection(SolutionProperties) = preSolution
		HideSolutionNode = FALSE
	EndGlobalSection
	GlobalSection(ExtensibilityGlobals) = postSolution
		SolutionGuid = {0424EA59-7813-46B7-BF25-3AC5A33F2F03}
	EndGlobalSection
EndGlobal
